<Solution>
  <Folder Name="/Solution Items/">
    <File Path=".gitignore" />
    <File Path="AGENTS.md" />
    <File Path="Directory.Build.props" />
    <File Path="global.json" />
    <File Path="LICENSE" />
    <File Path="plugin.json" />
    <File Path="README.md" />
  </Folder>
  <Folder Name="/tests/">
    <Project Path="tests/GuidedCoding.Release.Tests/GuidedCoding.Release.Tests.csproj" />
    <Project Path="tests/GuidedCoding.Tests/GuidedCoding.Tests.csproj" />
  </Folder>
  <Folder Name="/tools/">
    <Project Path="tools/GuidedCoding.ClaudeGenerator/GuidedCoding.ClaudeGenerator.csproj" />
    <Project Path="tools/GuidedCoding.Release/GuidedCoding.Release.csproj" />
  </Folder>
</Solution>
